
Microsoft Visual Studio Solution File, Format Version 12.00
# Visual Studio Version 16
VisualStudioVersion = 16.0.30804.86
MinimumVisualStudioVersion = 10.0.40219.1
Project("{8BC9CEB8-8B4A-11D0-8D11-00A0C91BC942}") = "server", "server.vcxproj", "{4CA1841F-26EE-4851-AFDF-CFDA6D577609}"
EndProject
Global
	GlobalSection(SolutionConfigurationPlatforms) = preSolution
		Debug|x64 = Debug|x64
		Debug|x86 = Debug|x86
		Release|x64 = Release|x64
		Release|x86 = Release|x86
	EndGlobalSection
	GlobalSection(ProjectConfigurationPlatforms) = postSolution
		{4CA1841F-26EE-4851-AFDF-CFDA6D577609}.Debug|x64.ActiveCfg = Debug|x64
		{4CA1841F-26EE-4851-AFDF-CFDA6D577609}.Debug|x64.Build.0 = Debug|x64
		{4CA1841F-26EE-4851-AFDF-CFDA6D577609}.Debug|x86.ActiveCfg = Debug|Win32
		{4CA1841F-26EE-4851-AFDF-CFDA6D577609}.Debug|x86.Build.0 = Debug|Win32
		{4CA1841F-26EE-4851-AFDF-CFDA6D577609}.Release|x64.ActiveCfg = Release|x64
		{4CA1841F-26EE-4851-AFDF-CFDA6D577609}.Release|x64.Build.0 = Release|x64
		{4CA1841F-26EE-4851-AFDF-CFDA6D577609}.Release|x86.ActiveCfg = Release|Win32
		{4CA1841F-26EE-4851-AFDF-CFDA6D577609}.Release|x86.Build.0 = Release|Win32
	EndGlobalSection
	GlobalSection(SolutionProperties) = preSolution
		HideSolutionNode = FALSE
	EndGlobalSection
	GlobalSection(ExtensibilityGlobals) = postSolution
		SolutionGuid = {A8CFE5BD-688D-48A9-9954-DDCB5661379C}
	EndGlobalSection
EndGlobal
